
Microsoft Visual Studio Solution File, Format Version 12.00
# Visual Studio Version 16
VisualStudioVersion = 16.0.30011.22
MinimumVisualStudioVersion = 10.0.40219.1
Project("{FAE04EC0-301F-11D3-BF4B-00C04F79EFBC}") = "TestEventToReactiveCommand", "TestEventToReactiveCommand\TestEventToReactiveCommand.csproj", "{2D593D32-0100-485F-B40A-346D964C0180}"
EndProject
Global
	GlobalSection(SolutionConfigurationPlatforms) = preSolution
		Debug|Any CPU = Debug|Any CPU
		Release|Any CPU = Release|Any CPU
	EndGlobalSection
	GlobalSection(ProjectConfigurationPlatforms) = postSolution
		{2D593D32-0100-485F-B40A-346D964C0180}.Debug|Any CPU.ActiveCfg = Debug|Any CPU
		{2D593D32-0100-485F-B40A-346D964C0180}.Debug|Any CPU.Build.0 = Debug|Any CPU
		{2D593D32-0100-485F-B40A-346D964C0180}.Release|Any CPU.ActiveCfg = Release|Any CPU
		{2D593D32-0100-485F-B40A-346D964C0180}.Release|Any CPU.Build.0 = Release|Any CPU
	EndGlobalSection
	GlobalSection(SolutionProperties) = preSolution
		HideSolutionNode = FALSE
	EndGlobalSection
	GlobalSection(ExtensibilityGlobals) = postSolution
		SolutionGuid = {4C102D33-4097-4EB0-9FA7-F0707F8C3135}
	EndGlobalSection
EndGlobal
